
Microsoft Visual Studio Solution File, Format Version 12.00
# Visual Studio Version 17
VisualStudioVersion = 17.13.35828.75 d17.13
MinimumVisualStudioVersion = 10.0.40219.1
Project("{FAE04EC0-301F-11D3-BF4B-00C04F79EFBC}") = "MEMZDLL", "MEMZDLL\MEMZDLL.csproj", "{D553CFB7-9F5D-4308-A653-F3AD0A20135D}"
EndProject
Global
	GlobalSection(SolutionConfigurationPlatforms) = preSolution
		Debug|Any CPU = Debug|Any CPU
		Release|Any CPU = Release|Any CPU
	EndGlobalSection
	GlobalSection(ProjectConfigurationPlatforms) = postSolution
		{D553CFB7-9F5D-4308-A653-F3AD0A20135D}.Debug|Any CPU.ActiveCfg = Debug|Any CPU
		{D553CFB7-9F5D-4308-A653-F3AD0A20135D}.Debug|Any CPU.Build.0 = Debug|Any CPU
		{D553CFB7-9F5D-4308-A653-F3AD0A20135D}.Release|Any CPU.ActiveCfg = Release|Any CPU
		{D553CFB7-9F5D-4308-A653-F3AD0A20135D}.Release|Any CPU.Build.0 = Release|Any CPU
	EndGlobalSection
	GlobalSection(SolutionProperties) = preSolution
		HideSolutionNode = FALSE
	EndGlobalSection
	GlobalSection(ExtensibilityGlobals) = postSolution
		SolutionGuid = {07E8C785-61CB-49B9-A733-82A3B7DBDE0D}
	EndGlobalSection
EndGlobal
